
Microsoft Visual Studio Solution File, Format Version 12.00
# Visual Studio Version 16
VisualStudioVersion = 16.0.29020.237
MinimumVisualStudioVersion = 10.0.40219.1
Project("{FAE04EC0-301F-11D3-BF4B-00C04F79EFBC}") = "SistemaVentas", "SistemaVentas\SistemaVentas.csproj", "{9EAD5098-F99F-4544-923C-E4E8A385C444}"
EndProject
Global
	GlobalSection(SolutionConfigurationPlatforms) = preSolution
		Debug|Any CPU = Debug|Any CPU
		Release|Any CPU = Release|Any CPU
	EndGlobalSection
	GlobalSection(ProjectConfigurationPlatforms) = postSolution
		{9EAD5098-F99F-4544-923C-E4E8A385C444}.Debug|Any CPU.ActiveCfg = Debug|Any CPU
		{9EAD5098-F99F-4544-923C-E4E8A385C444}.Debug|Any CPU.Build.0 = Debug|Any CPU
		{9EAD5098-F99F-4544-923C-E4E8A385C444}.Release|Any CPU.ActiveCfg = Release|Any CPU
		{9EAD5098-F99F-4544-923C-E4E8A385C444}.Release|Any CPU.Build.0 = Release|Any CPU
	EndGlobalSection
	GlobalSection(SolutionProperties) = preSolution
		HideSolutionNode = FALSE
	EndGlobalSection
	GlobalSection(ExtensibilityGlobals) = postSolution
		SolutionGuid = {2CF4F6F8-B524-417D-8407-F97D053B6421}
	EndGlobalSection
EndGlobal
